
Microsoft Visual Studio Solution File, Format Version 12.00
# Visual Studio Version 17
VisualStudioVersion = 17.0.31903.59
MinimumVisualStudioVersion = 10.0.40219.1
Project("{FAE04EC0-301F-11D3-BF4B-00C04F79EFBC}") = "DataRetriever", "DataRetriever\DataRetriever.csproj", "{9FCC5DD0-71E2-4E49-994D-938AB1FA978E}"
EndProject
Project("{FAE04EC0-301F-11D3-BF4B-00C04F79EFBC}") = "DataRetriever.Tests", "DataRetriever.Tests\DataRetriever.Tests.csproj", "{DBBD9459-2582-441C-896C-FF76CEC3CA45}"
EndProject
Global
	GlobalSection(SolutionConfigurationPlatforms) = preSolution
		Debug|Any CPU = Debug|Any CPU
		Release|Any CPU = Release|Any CPU
	EndGlobalSection
	GlobalSection(SolutionProperties) = preSolution
		HideSolutionNode = FALSE
	EndGlobalSection
	GlobalSection(ProjectConfigurationPlatforms) = postSolution
		{9FCC5DD0-71E2-4E49-994D-938AB1FA978E}.Debug|Any CPU.ActiveCfg = Debug|Any CPU
		{9FCC5DD0-71E2-4E49-994D-938AB1FA978E}.Debug|Any CPU.Build.0 = Debug|Any CPU
		{9FCC5DD0-71E2-4E49-994D-938AB1FA978E}.Release|Any CPU.ActiveCfg = Release|Any CPU
		{9FCC5DD0-71E2-4E49-994D-938AB1FA978E}.Release|Any CPU.Build.0 = Release|Any CPU
		{DBBD9459-2582-441C-896C-FF76CEC3CA45}.Debug|Any CPU.ActiveCfg = Debug|Any CPU
		{DBBD9459-2582-441C-896C-FF76CEC3CA45}.Debug|Any CPU.Build.0 = Debug|Any CPU
		{DBBD9459-2582-441C-896C-FF76CEC3CA45}.Release|Any CPU.ActiveCfg = Release|Any CPU
		{DBBD9459-2582-441C-896C-FF76CEC3CA45}.Release|Any CPU.Build.0 = Release|Any CPU
	EndGlobalSection
EndGlobal
